
Microsoft Visual Studio Solution File, Format Version 12.00
# Visual Studio 15
VisualStudioVersion = 15.0.27703.2026
MinimumVisualStudioVersion = 10.0.40219.1
Project("{FAE04EC0-301F-11D3-BF4B-00C04F79EFBC}") = "Countdown", "Countdown\Countdown.csproj", "{9544D525-39EF-4B80-83CE-759353C151E2}"
EndProject
Project("{FAE04EC0-301F-11D3-BF4B-00C04F79EFBC}") = "CountdownWPF", "CountdownWPF\CountdownWPF.csproj", "{02E5AE97-3575-49D4-9CFF-CC61C84D1DAD}"
	ProjectSection(ProjectDependencies) = postProject
		{23DD8123-1C1D-4555-B842-C1A429AF6170} = {23DD8123-1C1D-4555-B842-C1A429AF6170}
	EndProjectSection
EndProject
Project("{9A19103F-16F7-4668-BE54-9A1E7A4F7556}") = "Countdown.Core", "Countdown.Core\Countdown.Core.csproj", "{6D885E8C-8CAF-4528-BD45-FE1F047796D0}"
EndProject
Project("{FAE04EC0-301F-11D3-BF4B-00C04F79EFBC}") = "Countdown.MongoDb.Repository", "Countdown.MongoDb.Repository\Countdown.MongoDb.Repository.csproj", "{23DD8123-1C1D-4555-B842-C1A429AF6170}"
EndProject
Project("{FAE04EC0-301F-11D3-BF4B-00C04F79EFBC}") = "Countdown.EmbeddedRavenDb.Repository", "Countdown.EmbeddedRavenDb.Repository\Countdown.EmbeddedRavenDb.Repository.csproj", "{B252D3EC-926B-4A01-8E8D-7666B0C0E654}"
EndProject
Project("{9A19103F-16F7-4668-BE54-9A1E7A4F7556}") = "Coundown.Spa.ReactJs", "Coundown.Spa.ReactJs\Coundown.Spa.ReactJs.csproj", "{6594C138-757D-4F48-99C1-69C18B98E255}"
EndProject
Project("{9A19103F-16F7-4668-BE54-9A1E7A4F7556}") = "Coundown.Benchmarks", "Coundown.Benchmarks\Coundown.Benchmarks.csproj", "{C941AEAE-F5DB-48FA-877F-C6CF72CB9E64}"
EndProject
Project("{FAE04EC0-301F-11D3-BF4B-00C04F79EFBC}") = "Countdown.ML", "Countdown.ML\Countdown.ML.csproj", "{E844F62D-5496-4760-AF27-28158CAD4188}"
EndProject
Project("{9A19103F-16F7-4668-BE54-9A1E7A4F7556}") = "Countdown.MigrateData", "Countdown.MigrateData\Countdown.MigrateData.csproj", "{0AEDBC10-C814-49AB-AF6F-7D3F73932103}"
EndProject
Project("{9A19103F-16F7-4668-BE54-9A1E7A4F7556}") = "Countdown.ML.Core", "Countdown.ML.Core\Countdown.ML.Core.csproj", "{D0FB9684-9787-4015-9703-733420601E08}"
EndProject
Project("{FAE04EC0-301F-11D3-BF4B-00C04F79EFBC}") = "Countdown.Tests", "Countdown.Tests\Countdown.Tests.csproj", "{5F640195-BB9B-479C-B925-C2921B7DC5FB}"
EndProject
Project("{2150E333-8FDC-42A3-9474-1A3956D46DE8}") = "WebServices", "WebServices", "{CC5B3366-3BB9-4B25-A0F8-6B8DBA327954}"
EndProject
Project("{9A19103F-16F7-4668-BE54-9A1E7A4F7556}") = "KarmaPredictorService", "WebServices\KarmaPredictorService\KarmaPredictorService.csproj", "{3E73ABFC-F88F-4053-A11B-DC65AB7197C0}"
EndProject
Project("{E53339B2-1760-4266-BCC7-CA923CBCF16C}") = "docker-compose", "docker-compose.dcproj", "{CE71D6BE-4AE9-499C-BE28-E33A7045D8AD}"
EndProject
Project("{FAE04EC0-301F-11D3-BF4B-00C04F79EFBC}") = "IdentityServer", "WebServices\IdentityServer\IdentityServer.csproj", "{E704E372-909D-4887-954F-632E1010BB7D}"
EndProject
Global
	GlobalSection(SolutionConfigurationPlatforms) = preSolution
		Debug|Any CPU = Debug|Any CPU
		Debug|ARM = Debug|ARM
		Debug|x64 = Debug|x64
		Debug|x86 = Debug|x86
		Release|Any CPU = Release|Any CPU
		Release|ARM = Release|ARM
		Release|x64 = Release|x64
		Release|x86 = Release|x86
	EndGlobalSection
	GlobalSection(ProjectConfigurationPlatforms) = postSolution
		{9544D525-39EF-4B80-83CE-759353C151E2}.Debug|Any CPU.ActiveCfg = Debug|x86
		{9544D525-39EF-4B80-83CE-759353C151E2}.Debug|ARM.ActiveCfg = Debug|ARM
		{9544D525-39EF-4B80-83CE-759353C151E2}.Debug|ARM.Build.0 = Debug|ARM
		{9544D525-39EF-4B80-83CE-759353C151E2}.Debug|ARM.Deploy.0 = Debug|ARM
		{9544D525-39EF-4B80-83CE-759353C151E2}.Debug|x64.ActiveCfg = Debug|x64
		{9544D525-39EF-4B80-83CE-759353C151E2}.Debug|x64.Build.0 = Debug|x64
		{9544D525-39EF-4B80-83CE-759353C151E2}.Debug|x64.Deploy.0 = Debug|x64
		{9544D525-39EF-4B80-83CE-759353C151E2}.Debug|x86.ActiveCfg = Debug|x86
		{9544D525-39EF-4B80-83CE-759353C151E2}.Debug|x86.Build.0 = Debug|x86
		{9544D525-39EF-4B80-83CE-759353C151E2}.Debug|x86.Deploy.0 = Debug|x86
		{9544D525-39EF-4B80-83CE-759353C151E2}.Release|Any CPU.ActiveCfg = Release|x86
		{9544D525-39EF-4B80-83CE-759353C151E2}.Release|ARM.ActiveCfg = Release|ARM
		{9544D525-39EF-4B80-83CE-759353C151E2}.Release|ARM.Build.0 = Release|ARM
		{9544D525-39EF-4B80-83CE-759353C151E2}.Release|ARM.Deploy.0 = Release|ARM
		{9544D525-39EF-4B80-83CE-759353C151E2}.Release|x64.ActiveCfg = Release|x64
		{9544D525-39EF-4B80-83CE-759353C151E2}.Release|x64.Build.0 = Release|x64
		{9544D525-39EF-4B80-83CE-759353C151E2}.Release|x64.Deploy.0 = Release|x64
		{9544D525-39EF-4B80-83CE-759353C151E2}.Release|x86.ActiveCfg = Release|x86
		{9544D525-39EF-4B80-83CE-759353C151E2}.Release|x86.Build.0 = Release|x86
		{9544D525-39EF-4B80-83CE-759353C151E2}.Release|x86.Deploy.0 = Release|x86
		{02E5AE97-3575-49D4-9CFF-CC61C84D1DAD}.Debug|Any CPU.ActiveCfg = Debug|Any CPU
		{02E5AE97-3575-49D4-9CFF-CC61C84D1DAD}.Debug|Any CPU.Build.0 = Debug|Any CPU
		{02E5AE97-3575-49D4-9CFF-CC61C84D1DAD}.Debug|ARM.ActiveCfg = Debug|Any CPU
		{02E5AE97-3575-49D4-9CFF-CC61C84D1DAD}.Debug|ARM.Build.0 = Debug|Any CPU
		{02E5AE97-3575-49D4-9CFF-CC61C84D1DAD}.Debug|x64.ActiveCfg = Debug|Any CPU
		{02E5AE97-3575-49D4-9CFF-CC61C84D1DAD}.Debug|x64.Build.0 = Debug|Any CPU
		{02E5AE97-3575-49D4-9CFF-CC61C84D1DAD}.Debug|x86.ActiveCfg = Debug|Any CPU
		{02E5AE97-3575-49D4-9CFF-CC61C84D1DAD}.Debug|x86.Build.0 = Debug|Any CPU
		{02E5AE97-3575-49D4-9CFF-CC61C84D1DAD}.Release|Any CPU.ActiveCfg = Release|Any CPU
		{02E5AE97-3575-49D4-9CFF-CC61C84D1DAD}.Release|Any CPU.Build.0 = Release|Any CPU
		{02E5AE97-3575-49D4-9CFF-CC61C84D1DAD}.Release|ARM.ActiveCfg = Release|Any CPU
		{02E5AE97-3575-49D4-9CFF-CC61C84D1DAD}.Release|ARM.Build.0 = Release|Any CPU
		{02E5AE97-3575-49D4-9CFF-CC61C84D1DAD}.Release|x64.ActiveCfg = Release|Any CPU
		{02E5AE97-3575-49D4-9CFF-CC61C84D1DAD}.Release|x64.Build.0 = Release|Any CPU
		{02E5AE97-3575-49D4-9CFF-CC61C84D1DAD}.Release|x86.ActiveCfg = Release|Any CPU
		{02E5AE97-3575-49D4-9CFF-CC61C84D1DAD}.Release|x86.Build.0 = Release|Any CPU
		{6D885E8C-8CAF-4528-BD45-FE1F047796D0}.Debug|Any CPU.ActiveCfg = Debug|Any CPU
		{6D885E8C-8CAF-4528-BD45-FE1F047796D0}.Debug|Any CPU.Build.0 = Debug|Any CPU
		{6D885E8C-8CAF-4528-BD45-FE1F047796D0}.Debug|ARM.ActiveCfg = Debug|Any CPU
		{6D885E8C-8CAF-4528-BD45-FE1F047796D0}.Debug|ARM.Build.0 = Debug|Any CPU
		{6D885E8C-8CAF-4528-BD45-FE1F047796D0}.Debug|x64.ActiveCfg = Debug|Any CPU
		{6D885E8C-8CAF-4528-BD45-FE1F047796D0}.Debug|x64.Build.0 = Debug|Any CPU
		{6D885E8C-8CAF-4528-BD45-FE1F047796D0}.Debug|x86.ActiveCfg = Debug|Any CPU
		{6D885E8C-8CAF-4528-BD45-FE1F047796D0}.Debug|x86.Build.0 = Debug|Any CPU
		{6D885E8C-8CAF-4528-BD45-FE1F047796D0}.Release|Any CPU.ActiveCfg = Release|Any CPU
		{6D885E8C-8CAF-4528-BD45-FE1F047796D0}.Release|Any CPU.Build.0 = Release|Any CPU
		{6D885E8C-8CAF-4528-BD45-FE1F047796D0}.Release|ARM.ActiveCfg = Release|Any CPU
		{6D885E8C-8CAF-4528-BD45-FE1F047796D0}.Release|ARM.Build.0 = Release|Any CPU
		{6D885E8C-8CAF-4528-BD45-FE1F047796D0}.Release|x64.ActiveCfg = Release|Any CPU
		{6D885E8C-8CAF-4528-BD45-FE1F047796D0}.Release|x64.Build.0 = Release|Any CPU
		{6D885E8C-8CAF-4528-BD45-FE1F047796D0}.Release|x86.ActiveCfg = Release|Any CPU
		{6D885E8C-8CAF-4528-BD45-FE1F047796D0}.Release|x86.Build.0 = Release|Any CPU
		{23DD8123-1C1D-4555-B842-C1A429AF6170}.Debug|Any CPU.ActiveCfg = Debug|Any CPU
		{23DD8123-1C1D-4555-B842-C1A429AF6170}.Debug|Any CPU.Build.0 = Debug|Any CPU
		{23DD8123-1C1D-4555-B842-C1A429AF6170}.Debug|ARM.ActiveCfg = Debug|Any CPU
		{23DD8123-1C1D-4555-B842-C1A429AF6170}.Debug|ARM.Build.0 = Debug|Any CPU
		{23DD8123-1C1D-4555-B842-C1A429AF6170}.Debug|x64.ActiveCfg = Debug|Any CPU
		{23DD8123-1C1D-4555-B842-C1A429AF6170}.Debug|x64.Build.0 = Debug|Any CPU
		{23DD8123-1C1D-4555-B842-C1A429AF6170}.Debug|x86.ActiveCfg = Debug|Any CPU
		{23DD8123-1C1D-4555-B842-C1A429AF6170}.Debug|x86.Build.0 = Debug|Any CPU
		{23DD8123-1C1D-4555-B842-C1A429AF6170}.Release|Any CPU.ActiveCfg = Release|Any CPU
		{23DD8123-1C1D-4555-B842-C1A429AF6170}.Release|Any CPU.Build.0 = Release|Any CPU
		{23DD8123-1C1D-4555-B842-C1A429AF6170}.Release|ARM.ActiveCfg = Release|Any CPU
		{23DD8123-1C1D-4555-B842-C1A429AF6170}.Release|ARM.Build.0 = Release|Any CPU
		{23DD8123-1C1D-4555-B842-C1A429AF6170}.Release|x64.ActiveCfg = Release|Any CPU
		{23DD8123-1C1D-4555-B842-C1A429AF6170}.Release|x64.Build.0 = Release|Any CPU
		{23DD8123-1C1D-4555-B842-C1A429AF6170}.Release|x86.ActiveCfg = Release|Any CPU
		{23DD8123-1C1D-4555-B842-C1A429AF6170}.Release|x86.Build.0 = Release|Any CPU
		{B252D3EC-926B-4A01-8E8D-7666B0C0E654}.Debug|Any CPU.ActiveCfg = Debug|Any CPU
		{B252D3EC-926B-4A01-8E8D-7666B0C0E654}.Debug|Any CPU.Build.0 = Debug|Any CPU
		{B252D3EC-926B-4A01-8E8D-7666B0C0E654}.Debug|ARM.ActiveCfg = Debug|Any CPU
		{B252D3EC-926B-4A01-8E8D-7666B0C0E654}.Debug|ARM.Build.0 = Debug|Any CPU
		{B252D3EC-926B-4A01-8E8D-7666B0C0E654}.Debug|x64.ActiveCfg = Debug|Any CPU
		{B252D3EC-926B-4A01-8E8D-7666B0C0E654}.Debug|x64.Build.0 = Debug|Any CPU
		{B252D3EC-926B-4A01-8E8D-7666B0C0E654}.Debug|x86.ActiveCfg = Debug|Any CPU
		{B252D3EC-926B-4A01-8E8D-7666B0C0E654}.Debug|x86.Build.0 = Debug|Any CPU
		{B252D3EC-926B-4A01-8E8D-7666B0C0E654}.Release|Any CPU.ActiveCfg = Release|Any CPU
		{B252D3EC-926B-4A01-8E8D-7666B0C0E654}.Release|Any CPU.Build.0 = Release|Any CPU
		{B252D3EC-926B-4A01-8E8D-7666B0C0E654}.Release|ARM.ActiveCfg = Release|Any CPU
		{B252D3EC-926B-4A01-8E8D-7666B0C0E654}.Release|ARM.Build.0 = Release|Any CPU
		{B252D3EC-926B-4A01-8E8D-7666B0C0E654}.Release|x64.ActiveCfg = Release|Any CPU
		{B252D3EC-926B-4A01-8E8D-7666B0C0E654}.Release|x64.Build.0 = Release|Any CPU
		{B252D3EC-926B-4A01-8E8D-7666B0C0E654}.Release|x86.ActiveCfg = Release|Any CPU
		{B252D3EC-926B-4A01-8E8D-7666B0C0E654}.Release|x86.Build.0 = Release|Any CPU
		{6594C138-757D-4F48-99C1-69C18B98E255}.Debug|Any CPU.ActiveCfg = Debug|Any CPU
		{6594C138-757D-4F48-99C1-69C18B98E255}.Debug|Any CPU.Build.0 = Debug|Any CPU
		{6594C138-757D-4F48-99C1-69C18B98E255}.Debug|ARM.ActiveCfg = Debug|Any CPU
		{6594C138-757D-4F48-99C1-69C18B98E255}.Debug|ARM.Build.0 = Debug|Any CPU
		{6594C138-757D-4F48-99C1-69C18B98E255}.Debug|x64.ActiveCfg = Debug|Any CPU
		{6594C138-757D-4F48-99C1-69C18B98E255}.Debug|x64.Build.0 = Debug|Any CPU
		{6594C138-757D-4F48-99C1-69C18B98E255}.Debug|x86.ActiveCfg = Debug|Any CPU
		{6594C138-757D-4F48-99C1-69C18B98E255}.Debug|x86.Build.0 = Debug|Any CPU
		{6594C138-757D-4F48-99C1-69C18B98E255}.Release|Any CPU.ActiveCfg = Release|Any CPU
		{6594C138-757D-4F48-99C1-69C18B98E255}.Release|Any CPU.Build.0 = Release|Any CPU
		{6594C138-757D-4F48-99C1-69C18B98E255}.Release|ARM.ActiveCfg = Release|Any CPU
		{6594C138-757D-4F48-99C1-69C18B98E255}.Release|ARM.Build.0 = Release|Any CPU
		{6594C138-757D-4F48-99C1-69C18B98E255}.Release|x64.ActiveCfg = Release|Any CPU
		{6594C138-757D-4F48-99C1-69C18B98E255}.Release|x64.Build.0 = Release|Any CPU
		{6594C138-757D-4F48-99C1-69C18B98E255}.Release|x86.ActiveCfg = Release|Any CPU
		{6594C138-757D-4F48-99C1-69C18B98E255}.Release|x86.Build.0 = Release|Any CPU
		{C941AEAE-F5DB-48FA-877F-C6CF72CB9E64}.Debug|Any CPU.ActiveCfg = Debug|Any CPU
		{C941AEAE-F5DB-48FA-877F-C6CF72CB9E64}.Debug|Any CPU.Build.0 = Debug|Any CPU
		{C941AEAE-F5DB-48FA-877F-C6CF72CB9E64}.Debug|ARM.ActiveCfg = Debug|Any CPU
		{C941AEAE-F5DB-48FA-877F-C6CF72CB9E64}.Debug|ARM.Build.0 = Debug|Any CPU
		{C941AEAE-F5DB-48FA-877F-C6CF72CB9E64}.Debug|x64.ActiveCfg = Debug|Any CPU
		{C941AEAE-F5DB-48FA-877F-C6CF72CB9E64}.Debug|x64.Build.0 = Debug|Any CPU
		{C941AEAE-F5DB-48FA-877F-C6CF72CB9E64}.Debug|x86.ActiveCfg = Debug|Any CPU
		{C941AEAE-F5DB-48FA-877F-C6CF72CB9E64}.Debug|x86.Build.0 = Debug|Any CPU
		{C941AEAE-F5DB-48FA-877F-C6CF72CB9E64}.Release|Any CPU.ActiveCfg = Release|Any CPU
		{C941AEAE-F5DB-48FA-877F-C6CF72CB9E64}.Release|Any CPU.Build.0 = Release|Any CPU
		{C941AEAE-F5DB-48FA-877F-C6CF72CB9E64}.Release|ARM.ActiveCfg = Release|Any CPU
		{C941AEAE-F5DB-48FA-877F-C6CF72CB9E64}.Release|ARM.Build.0 = Release|Any CPU
		{C941AEAE-F5DB-48FA-877F-C6CF72CB9E64}.Release|x64.ActiveCfg = Release|Any CPU
		{C941AEAE-F5DB-48FA-877F-C6CF72CB9E64}.Release|x64.Build.0 = Release|Any CPU
		{C941AEAE-F5DB-48FA-877F-C6CF72CB9E64}.Release|x86.ActiveCfg = Release|Any CPU
		{C941AEAE-F5DB-48FA-877F-C6CF72CB9E64}.Release|x86.Build.0 = Release|Any CPU
		{E844F62D-5496-4760-AF27-28158CAD4188}.Debug|Any CPU.ActiveCfg = Debug|Any CPU
		{E844F62D-5496-4760-AF27-28158CAD4188}.Debug|Any CPU.Build.0 = Debug|Any CPU
		{E844F62D-5496-4760-AF27-28158CAD4188}.Debug|ARM.ActiveCfg = Debug|Any CPU
		{E844F62D-5496-4760-AF27-28158CAD4188}.Debug|ARM.Build.0 = Debug|Any CPU
		{E844F62D-5496-4760-AF27-28158CAD4188}.Debug|x64.ActiveCfg = Debug|Any CPU
		{E844F62D-5496-4760-AF27-28158CAD4188}.Debug|x64.Build.0 = Debug|Any CPU
		{E844F62D-5496-4760-AF27-28158CAD4188}.Debug|x86.ActiveCfg = Debug|Any CPU
		{E844F62D-5496-4760-AF27-28158CAD4188}.Debug|x86.Build.0 = Debug|Any CPU
		{E844F62D-5496-4760-AF27-28158CAD4188}.Release|Any CPU.ActiveCfg = Release|Any CPU
		{E844F62D-5496-4760-AF27-28158CAD4188}.Release|Any CPU.Build.0 = Release|Any CPU
		{E844F62D-5496-4760-AF27-28158CAD4188}.Release|ARM.ActiveCfg = Release|Any CPU
		{E844F62D-5496-4760-AF27-28158CAD4188}.Release|ARM.Build.0 = Release|Any CPU
		{E844F62D-5496-4760-AF27-28158CAD4188}.Release|x64.ActiveCfg = Release|Any CPU
		{E844F62D-5496-4760-AF27-28158CAD4188}.Release|x64.Build.0 = Release|Any CPU
		{E844F62D-5496-4760-AF27-28158CAD4188}.Release|x86.ActiveCfg = Release|Any CPU
		{E844F62D-5496-4760-AF27-28158CAD4188}.Release|x86.Build.0 = Release|Any CPU
		{0AEDBC10-C814-49AB-AF6F-7D3F73932103}.Debug|Any CPU.ActiveCfg = Debug|Any CPU
		{0AEDBC10-C814-49AB-AF6F-7D3F73932103}.Debug|Any CPU.Build.0 = Debug|Any CPU
		{0AEDBC10-C814-49AB-AF6F-7D3F73932103}.Debug|ARM.ActiveCfg = Debug|Any CPU
		{0AEDBC10-C814-49AB-AF6F-7D3F73932103}.Debug|ARM.Build.0 = Debug|Any CPU
		{0AEDBC10-C814-49AB-AF6F-7D3F73932103}.Debug|x64.ActiveCfg = Debug|Any CPU
		{0AEDBC10-C814-49AB-AF6F-7D3F73932103}.Debug|x64.Build.0 = Debug|Any CPU
		{0AEDBC10-C814-49AB-AF6F-7D3F73932103}.Debug|x86.ActiveCfg = Debug|Any CPU
		{0AEDBC10-C814-49AB-AF6F-7D3F73932103}.Debug|x86.Build.0 = Debug|Any CPU
		{0AEDBC10-C814-49AB-AF6F-7D3F73932103}.Release|Any CPU.ActiveCfg = Release|Any CPU
		{0AEDBC10-C814-49AB-AF6F-7D3F73932103}.Release|Any CPU.Build.0 = Release|Any CPU
		{0AEDBC10-C814-49AB-AF6F-7D3F73932103}.Release|ARM.ActiveCfg = Release|Any CPU
		{0AEDBC10-C814-49AB-AF6F-7D3F73932103}.Release|ARM.Build.0 = Release|Any CPU
		{0AEDBC10-C814-49AB-AF6F-7D3F73932103}.Release|x64.ActiveCfg = Release|Any CPU
		{0AEDBC10-C814-49AB-AF6F-7D3F73932103}.Release|x64.Build.0 = Release|Any CPU
		{0AEDBC10-C814-49AB-AF6F-7D3F73932103}.Release|x86.ActiveCfg = Release|Any CPU
		{0AEDBC10-C814-49AB-AF6F-7D3F73932103}.Release|x86.Build.0 = Release|Any CPU
		{D0FB9684-9787-4015-9703-733420601E08}.Debug|Any CPU.ActiveCfg = Debug|Any CPU
		{D0FB9684-9787-4015-9703-733420601E08}.Debug|Any CPU.Build.0 = Debug|Any CPU
		{D0FB9684-9787-4015-9703-733420601E08}.Debug|ARM.ActiveCfg = Debug|Any CPU
		{D0FB9684-9787-4015-9703-733420601E08}.Debug|ARM.Build.0 = Debug|Any CPU
		{D0FB9684-9787-4015-9703-733420601E08}.Debug|x64.ActiveCfg = Debug|Any CPU
		{D0FB9684-9787-4015-9703-733420601E08}.Debug|x64.Build.0 = Debug|Any CPU
		{D0FB9684-9787-4015-9703-733420601E08}.Debug|x86.ActiveCfg = Debug|Any CPU
		{D0FB9684-9787-4015-9703-733420601E08}.Debug|x86.Build.0 = Debug|Any CPU
		{D0FB9684-9787-4015-9703-733420601E08}.Release|Any CPU.ActiveCfg = Release|Any CPU
		{D0FB9684-9787-4015-9703-733420601E08}.Release|Any CPU.Build.0 = Release|Any CPU
		{D0FB9684-9787-4015-9703-733420601E08}.Release|ARM.ActiveCfg = Release|Any CPU
		{D0FB9684-9787-4015-9703-733420601E08}.Release|ARM.Build.0 = Release|Any CPU
		{D0FB9684-9787-4015-9703-733420601E08}.Release|x64.ActiveCfg = Release|Any CPU
		{D0FB9684-9787-4015-9703-733420601E08}.Release|x64.Build.0 = Release|Any CPU
		{D0FB9684-9787-4015-9703-733420601E08}.Release|x86.ActiveCfg = Release|Any CPU
		{D0FB9684-9787-4015-9703-733420601E08}.Release|x86.Build.0 = Release|Any CPU
		{5F640195-BB9B-479C-B925-C2921B7DC5FB}.Debug|Any CPU.ActiveCfg = Debug|Any CPU
		{5F640195-BB9B-479C-B925-C2921B7DC5FB}.Debug|Any CPU.Build.0 = Debug|Any CPU
		{5F640195-BB9B-479C-B925-C2921B7DC5FB}.Debug|ARM.ActiveCfg = Debug|Any CPU
		{5F640195-BB9B-479C-B925-C2921B7DC5FB}.Debug|ARM.Build.0 = Debug|Any CPU
		{5F640195-BB9B-479C-B925-C2921B7DC5FB}.Debug|x64.ActiveCfg = Debug|Any CPU
		{5F640195-BB9B-479C-B925-C2921B7DC5FB}.Debug|x64.Build.0 = Debug|Any CPU
		{5F640195-BB9B-479C-B925-C2921B7DC5FB}.Debug|x86.ActiveCfg = Debug|Any CPU
		{5F640195-BB9B-479C-B925-C2921B7DC5FB}.Debug|x86.Build.0 = Debug|Any CPU
		{5F640195-BB9B-479C-B925-C2921B7DC5FB}.Release|Any CPU.ActiveCfg = Release|Any CPU
		{5F640195-BB9B-479C-B925-C2921B7DC5FB}.Release|Any CPU.Build.0 = Release|Any CPU
		{5F640195-BB9B-479C-B925-C2921B7DC5FB}.Release|ARM.ActiveCfg = Release|Any CPU
		{5F640195-BB9B-479C-B925-C2921B7DC5FB}.Release|ARM.Build.0 = Release|Any CPU
		{5F640195-BB9B-479C-B925-C2921B7DC5FB}.Release|x64.ActiveCfg = Release|Any CPU
		{5F640195-BB9B-479C-B925-C2921B7DC5FB}.Release|x64.Build.0 = Release|Any CPU
		{5F640195-BB9B-479C-B925-C2921B7DC5FB}.Release|x86.ActiveCfg = Release|Any CPU
		{5F640195-BB9B-479C-B925-C2921B7DC5FB}.Release|x86.Build.0 = Release|Any CPU
		{3E73ABFC-F88F-4053-A11B-DC65AB7197C0}.Debug|Any CPU.ActiveCfg = Debug|Any CPU
		{3E73ABFC-F88F-4053-A11B-DC65AB7197C0}.Debug|Any CPU.Build.0 = Debug|Any CPU
		{3E73ABFC-F88F-4053-A11B-DC65AB7197C0}.Debug|ARM.ActiveCfg = Debug|Any CPU
		{3E73ABFC-F88F-4053-A11B-DC65AB7197C0}.Debug|ARM.Build.0 = Debug|Any CPU
		{3E73ABFC-F88F-4053-A11B-DC65AB7197C0}.Debug|x64.ActiveCfg = Debug|Any CPU
		{3E73ABFC-F88F-4053-A11B-DC65AB7197C0}.Debug|x64.Build.0 = Debug|Any CPU
		{3E73ABFC-F88F-4053-A11B-DC65AB7197C0}.Debug|x86.ActiveCfg = Debug|Any CPU
		{3E73ABFC-F88F-4053-A11B-DC65AB7197C0}.Debug|x86.Build.0 = Debug|Any CPU
		{3E73ABFC-F88F-4053-A11B-DC65AB7197C0}.Release|Any CPU.ActiveCfg = Release|Any CPU
		{3E73ABFC-F88F-4053-A11B-DC65AB7197C0}.Release|Any CPU.Build.0 = Release|Any CPU
		{3E73ABFC-F88F-4053-A11B-DC65AB7197C0}.Release|ARM.ActiveCfg = Release|Any CPU
		{3E73ABFC-F88F-4053-A11B-DC65AB7197C0}.Release|ARM.Build.0 = Release|Any CPU
		{3E73ABFC-F88F-4053-A11B-DC65AB7197C0}.Release|x64.ActiveCfg = Release|Any CPU
		{3E73ABFC-F88F-4053-A11B-DC65AB7197C0}.Release|x64.Build.0 = Release|Any CPU
		{3E73ABFC-F88F-4053-A11B-DC65AB7197C0}.Release|x86.ActiveCfg = Release|Any CPU
		{3E73ABFC-F88F-4053-A11B-DC65AB7197C0}.Release|x86.Build.0 = Release|Any CPU
		{CE71D6BE-4AE9-499C-BE28-E33A7045D8AD}.Debug|Any CPU.ActiveCfg = Debug|Any CPU
		{CE71D6BE-4AE9-499C-BE28-E33A7045D8AD}.Debug|Any CPU.Build.0 = Debug|Any CPU
		{CE71D6BE-4AE9-499C-BE28-E33A7045D8AD}.Debug|ARM.ActiveCfg = Debug|Any CPU
		{CE71D6BE-4AE9-499C-BE28-E33A7045D8AD}.Debug|ARM.Build.0 = Debug|Any CPU
		{CE71D6BE-4AE9-499C-BE28-E33A7045D8AD}.Debug|x64.ActiveCfg = Debug|Any CPU
		{CE71D6BE-4AE9-499C-BE28-E33A7045D8AD}.Debug|x64.Build.0 = Debug|Any CPU
		{CE71D6BE-4AE9-499C-BE28-E33A7045D8AD}.Debug|x86.ActiveCfg = Debug|Any CPU
		{CE71D6BE-4AE9-499C-BE28-E33A7045D8AD}.Debug|x86.Build.0 = Debug|Any CPU
		{CE71D6BE-4AE9-499C-BE28-E33A7045D8AD}.Release|Any CPU.ActiveCfg = Release|Any CPU
		{CE71D6BE-4AE9-499C-BE28-E33A7045D8AD}.Release|Any CPU.Build.0 = Release|Any CPU
		{CE71D6BE-4AE9-499C-BE28-E33A7045D8AD}.Release|ARM.ActiveCfg = Release|Any CPU
		{CE71D6BE-4AE9-499C-BE28-E33A7045D8AD}.Release|ARM.Build.0 = Release|Any CPU
		{CE71D6BE-4AE9-499C-BE28-E33A7045D8AD}.Release|x64.ActiveCfg = Release|Any CPU
		{CE71D6BE-4AE9-499C-BE28-E33A7045D8AD}.Release|x64.Build.0 = Release|Any CPU
		{CE71D6BE-4AE9-499C-BE28-E33A7045D8AD}.Release|x86.ActiveCfg = Release|Any CPU
		{CE71D6BE-4AE9-499C-BE28-E33A7045D8AD}.Release|x86.Build.0 = Release|Any CPU
		{E704E372-909D-4887-954F-632E1010BB7D}.Debug|Any CPU.ActiveCfg = Debug|Any CPU
		{E704E372-909D-4887-954F-632E1010BB7D}.Debug|Any CPU.Build.0 = Debug|Any CPU
		{E704E372-909D-4887-954F-632E1010BB7D}.Debug|ARM.ActiveCfg = Debug|Any CPU
		{E704E372-909D-4887-954F-632E1010BB7D}.Debug|ARM.Build.0 = Debug|Any CPU
		{E704E372-909D-4887-954F-632E1010BB7D}.Debug|x64.ActiveCfg = Debug|Any CPU
		{E704E372-909D-4887-954F-632E1010BB7D}.Debug|x64.Build.0 = Debug|Any CPU
		{E704E372-909D-4887-954F-632E1010BB7D}.Debug|x86.ActiveCfg = Debug|Any CPU
		{E704E372-909D-4887-954F-632E1010BB7D}.Debug|x86.Build.0 = Debug|Any CPU
		{E704E372-909D-4887-954F-632E1010BB7D}.Release|Any CPU.ActiveCfg = Release|Any CPU
		{E704E372-909D-4887-954F-632E1010BB7D}.Release|Any CPU.Build.0 = Release|Any CPU
		{E704E372-909D-4887-954F-632E1010BB7D}.Release|ARM.ActiveCfg = Release|Any CPU
		{E704E372-909D-4887-954F-632E1010BB7D}.Release|ARM.Build.0 = Release|Any CPU
		{E704E372-909D-4887-954F-632E1010BB7D}.Release|x64.ActiveCfg = Release|Any CPU
		{E704E372-909D-4887-954F-632E1010BB7D}.Release|x64.Build.0 = Release|Any CPU
		{E704E372-909D-4887-954F-632E1010BB7D}.Release|x86.ActiveCfg = Release|Any CPU
		{E704E372-909D-4887-954F-632E1010BB7D}.Release|x86.Build.0 = Release|Any CPU
	EndGlobalSection
	GlobalSection(SolutionProperties) = preSolution
		HideSolutionNode = FALSE
	EndGlobalSection
	GlobalSection(NestedProjects) = preSolution
		{6594C138-757D-4F48-99C1-69C18B98E255} = {CC5B3366-3BB9-4B25-A0F8-6B8DBA327954}
		{3E73ABFC-F88F-4053-A11B-DC65AB7197C0} = {CC5B3366-3BB9-4B25-A0F8-6B8DBA327954}
		{E704E372-909D-4887-954F-632E1010BB7D} = {CC5B3366-3BB9-4B25-A0F8-6B8DBA327954}
	EndGlobalSection
	GlobalSection(ExtensibilityGlobals) = postSolution
		SolutionGuid = {7CB748FD-0A5B-414B-BF93-F07700483573}
	EndGlobalSection
	GlobalSection(Performance) = preSolution
		HasPerformanceSessions = true
	EndGlobalSection
	GlobalSection(Performance) = preSolution
		HasPerformanceSessions = true
	EndGlobalSection
	GlobalSection(Performance) = preSolution
		HasPerformanceSessions = true
	EndGlobalSection
EndGlobal
